{
  "requires": true,
  "lockfileVersion": 1,
  "dependencies": {
    "multistreamsmixer": {
      "version": "1.2.2",
      "resolved": "https://registry.npmjs.org/multistreamsmixer/-/multistreamsmixer-1.2.2.tgz",
      "integrity": "sha512-5UGMODV/vDFLs8CaYEgFgo2sg+kI6hzXy4e02C8nvqfp7hfCikzAC65p+nNPVRqvBhtMoA2HwAz6qN8iMvoaoA=="
    },
    "recordrtc": {
      "version": "5.5.8",
      "resolved": "https://registry.npmjs.org/recordrtc/-/recordrtc-5.5.8.tgz",
      "integrity": "sha512-+BzbllHyL6Q8gAuaqjO8RdqofL4C6yI670hicMaUW/0dDsKHeKyz0S4M+n7sHnr4dP0LGWqcod6gazRMtXob6A=="
    }
  }
}
